// !$*UTF8*$!
{
	archiveVersion = 1;
	classes = {
	};
	objectVersion = 50;
	objects = {

/* Begin PBXBuildFile section */
		AF594013243A79E1001C539C /* AppDelegate.swift in Sources */ = {isa = PBXBuildFile; fileRef = AF594012243A79E1001C539C /* AppDelegate.swift */; };
		AF594015243A79E1001C539C /* SceneDelegate.swift in Sources */ = {isa = PBXBuildFile; fileRef = AF594014243A79E1001C539C /* SceneDelegate.swift */; };
		AF594017243A79E1001C539C /* ViewController.swift in Sources */ = {isa = PBXBuildFile; fileRef = AF594016243A79E1001C539C /* ViewController.swift */; };
		AF59401A243A79E1001C539C /* Main.storyboard in Resources */ = {isa = PBXBuildFile; fileRef = AF594018243A79E1001C539C /* Main.storyboard */; };
		AF59401C243A79E2001C539C /* Assets.xcassets in Resources */ = {isa = PBXBuildFile; fileRef = AF59401B243A79E2001C539C /* Assets.xcassets */; };
		AF59402A243A79E2001C539C /* _42projectTests.swift in Sources */ = {isa = PBXBuildFile; fileRef = AF594029243A79E2001C539C /* _42projectTests.swift */; };
		AF594035243A7FAF001C539C /* LaunchScreen.storyboard in Resources */ = {isa = PBXBuildFile; fileRef = AF594034243A7FAF001C539C /* LaunchScreen.storyboard */; };
		AF594037243A91FF001C539C /* ConfigScreen.swift in Sources */ = {isa = PBXBuildFile; fileRef = AF594036243A91FF001C539C /* ConfigScreen.swift */; };
		AF594039243ABB40001C539C /* UpButton.swift in Sources */ = {isa = PBXBuildFile; fileRef = AF594038243ABB40001C539C /* UpButton.swift */; };
/* End PBXBuildFile section */

/* Begin PBXContainerItemProxy section */
		AF594026243A79E2001C539C /* PBXContainerItemProxy */ = {
			isa = PBXContainerItemProxy;
			containerPortal = AF594007243A79E1001C539C /* Project object */;
			proxyType = 1;
			remoteGlobalIDString = AF59400E243A79E1001C539C;
			remoteInfo = 642project;
		};
/* End PBXContainerItemProxy section */

/* Begin PBXFileReference section */
		AF59400F243A79E1001C539C /* 642project.app */ = {isa = PBXFileReference; explicitFileType = wrapper.application; includeInIndex = 0; path = 642project.app; sourceTree = BUILT_PRODUCTS_DIR; };
		AF594012243A79E1001C539C /* AppDelegate.swift */ = {isa = PBXFileReference; lastKnownFileType = sourcecode.swift; path = AppDelegate.swift; sourceTree = "<group>"; };
		AF594014243A79E1001C539C /* SceneDelegate.swift */ = {isa = PBXFileReference; lastKnownFileType = sourcecode.swift; path = SceneDelegate.swift; sourceTree = "<group>"; };
		AF594016243A79E1001C539C /* ViewController.swift */ = {isa = PBXFileReference; lastKnownFileType = sourcecode.swift; path = ViewController.swift; sourceTree = "<group>"; };
		AF594019243A79E1001C539C /* Base */ = {isa = PBXFileReference; lastKnownFileType = file.storyboard; name = Base; path = Base.lproj/Main.storyboard; sourceTree = "<group>"; };
		AF59401B243A79E2001C539C /* Assets.xcassets */ = {isa = PBXFileReference; lastKnownFileType = folder.assetcatalog; path = Assets.xcassets; sourceTree = "<group>"; };
		AF594020243A79E2001C539C /* Info.plist */ = {isa = PBXFileReference; lastKnownFileType = text.plist.xml; path = Info.plist; sourceTree = "<group>"; };
		AF594025243A79E2001C539C /* 642projectTests.xctest */ = {isa = PBXFileReference; explicitFileType = wrapper.cfbundle; includeInIndex = 0; path = 642projectTests.xctest; sourceTree = BUILT_PRODUCTS_DIR; };
		AF594029243A79E2001C539C /* _42projectTests.swift */ = {isa = PBXFileReference; lastKnownFileType = sourcecode.swift; path = _42projectTests.swift; sourceTree = "<group>"; };
		AF59402B243A79E2001C539C /* Info.plist */ = {isa = PBXFileReference; lastKnownFileType = text.plist.xml; path = Info.plist; sourceTree = "<group>"; };
		AF594034243A7FAF001C539C /* LaunchScreen.storyboard */ = {isa = PBXFileReference; fileEncoding = 4; lastKnownFileType = file.storyboard; path = LaunchScreen.storyboard; sourceTree = "<group>"; };
		AF594036243A91FF001C539C /* ConfigScreen.swift */ = {isa = PBXFileReference; lastKnownFileType = sourcecode.swift; path = ConfigScreen.swift; sourceTree = "<group>"; };
		AF594038243ABB40001C539C /* UpButton.swift */ = {isa = PBXFileReference; lastKnownFileType = sourcecode.swift; path = UpButton.swift; sourceTree = "<group>"; };
/* End PBXFileReference section */

/* Begin PBXFrameworksBuildPhase section */
		AF59400C243A79E1001C539C /* Frameworks */ = {
			isa = PBXFrameworksBuildPhase;
			buildActionMask = 2147483647;
			files = (
			);
			runOnlyForDeploymentPostprocessing = 0;
		};
		AF594022243A79E2001C539C /* Frameworks */ = {
			isa = PBXFrameworksBuildPhase;
			buildActionMask = 2147483647;
			files = (
			);
			runOnlyForDeploymentPostprocessing = 0;
		};
/* End PBXFrameworksBuildPhase section */

/* Begin PBXGroup section */
		AF594006243A79E1001C539C = {
			isa = PBXGroup;
			children = (
				AF594011243A79E1001C539C /* 642project */,
				AF594028243A79E2001C539C /* 642projectTests */,
				AF594010243A79E1001C539C /* Products */,
			);
			sourceTree = "<group>";
		};
		AF594010243A79E1001C539C /* Products */ = {
			isa = PBXGroup;
			children = (
				AF59400F243A79E1001C539C /* 642project.app */,
				AF594025243A79E2001C539C /* 642projectTests.xctest */,
			);
			name = Products;
			sourceTree = "<group>";
		};
		AF594011243A79E1001C539C /* 642project */ = {
			isa = PBXGroup;
			children = (
				AF594012243A79E1001C539C /* AppDelegate.swift */,
				AF594014243A79E1001C539C /* SceneDelegate.swift */,
				AF594016243A79E1001C539C /* ViewController.swift */,
				AF594018243A79E1001C539C /* Main.storyboard */,
				AF59401B243A79E2001C539C /* Assets.xcassets */,
				AF594034243A7FAF001C539C /* LaunchScreen.storyboard */,
				AF594020243A79E2001C539C /* Info.plist */,
				AF594036243A91FF001C539C /* ConfigScreen.swift */,
				AF594038243ABB40001C539C /* UpButton.swift */,
			);
			path = 642project;
			sourceTree = "<group>";
		};
		AF594028243A79E2001C539C /* 642projectTests */ = {
			isa = PBXGroup;
			children = (
				AF594029243A79E2001C539C /* _42projectTests.swift */,
				AF59402B243A79E2001C539C /* Info.plist */,
			);
			path = 642projectTests;
			sourceTree = "<group>";
		};
/* End PBXGroup section */

/* Begin PBXNativeTarget section */
		AF59400E243A79E1001C539C /* 642project */ = {
			isa = PBXNativeTarget;
			buildConfigurationList = AF59402E243A79E2001C539C /* Build configuration list for PBXNativeTarget "642project" */;
			buildPhases = (
				AF59400B243A79E1001C539C /* Sources */,
				AF59400C243A79E1001C539C /* Frameworks */,
				AF59400D243A79E1001C539C /* Resources */,
			);
			buildRules = (
			);
			dependencies = (
			);
			name = 642project;
			productName = 642project;
			productReference = AF59400F243A79E1001C539C /* 642project.app */;
			productType = "com.apple.product-type.application";
		};
		AF594024243A79E2001C539C /* 642projectTests */ = {
			isa = PBXNativeTarget;
			buildConfigurationList = AF594031243A79E2001C539C /* Build configuration list for PBXNativeTarget "642projectTests" */;
			buildPhases = (
				AF594021243A79E2001C539C /* Sources */,
				AF594022243A79E2001C539C /* Frameworks */,
				AF594023243A79E2001C539C /* Resources */,
			);
			buildRules = (
			);
			dependencies = (
				AF594027243A79E2001C539C /* PBXTargetDependency */,
			);
			name = 642projectTests;
			productName = 642projectTests;
			productReference = AF594025243A79E2001C539C /* 642projectTests.xctest */;
			productType = "com.apple.product-type.bundle.unit-test";
		};
/* End PBXNativeTarget section */

/* Begin PBXProject section */
		AF594007243A79E1001C539C /* Project object */ = {
			isa = PBXProject;
			attributes = {
				LastSwiftUpdateCheck = 1130;
				LastUpgradeCheck = 1130;
				ORGANIZATIONNAME = Malkam;
				TargetAttributes = {
					AF59400E243A79E1001C539C = {
						CreatedOnToolsVersion = 11.3.1;
					};
					AF594024243A79E2001C539C = {
						CreatedOnToolsVersion = 11.3.1;
						TestTargetID = AF59400E243A79E1001C539C;
					};
				};
			};
			buildConfigurationList = AF59400A243A79E1001C539C /* Build configuration list for PBXProject "642project" */;
			compatibilityVersion = "Xcode 9.3";
			developmentRegion = en;
			hasScannedForEncodings = 0;
			knownRegions = (
				en,
				Base,
			);
			mainGroup = AF594006243A79E1001C539C;
			productRefGroup = AF594010243A79E1001C539C /* Products */;
			projectDirPath = "";
			projectRoot = "";
			targets = (
				AF59400E243A79E1001C539C /* 642project */,
				AF594024243A79E2001C539C /* 642projectTests */,
			);
		};
/* End PBXProject section */

/* Begin PBXResourcesBuildPhase section */
		AF59400D243A79E1001C539C /* Resources */ = {
			isa = PBXResourcesBuildPhase;
			buildActionMask = 2147483647;
			files = (
				AF594035243A7FAF001C539C /* LaunchScreen.storyboard in Resources */,
				AF59401C243A79E2001C539C /* Assets.xcassets in Resources */,
				AF59401A243A79E1001C539C /* Main.storyboard in Resources */,
			);
			runOnlyForDeploymentPostprocessing = 0;
		};
		AF594023243A79E2001C539C /* Resources */ = {
			isa = PBXResourcesBuildPhase;
			buildActionMask = 2147483647;
			files = (
			);
			runOnlyForDeploymentPostprocessing = 0;
		};
/* End PBXResourcesBuildPhase section */

/* Begin PBXSourcesBuildPhase section */
		AF59400B243A79E1001C539C /* Sources */ = {
			isa = PBXSourcesBuildPhase;
			buildActionMask = 2147483647;
			files = (
				AF594017243A79E1001C539C /* ViewController.swift in Sources */,
				AF594013243A79E1001C539C /* AppDelegate.swift in Sources */,
				AF594015243A79E1001C539C /* SceneDelegate.swift in Sources */,
				AF594039243ABB40001C539C /* UpButton.swift in Sources */,
				AF594037243A91FF001C539C /* ConfigScreen.swift in Sources */,
			);
			runOnlyForDeploymentPostprocessing = 0;
		};
		AF594021243A79E2001C539C /* Sources */ = {
			isa = PBXSourcesBuildPhase;
			buildActionMask = 2147483647;
			files = (
				AF59402A243A79E2001C539C /* _42projectTests.swift in Sources */,
			);
			runOnlyForDeploymentPostprocessing = 0;
		};
/* End PBXSourcesBuildPhase section */

/* Begin PBXTargetDependency section */
		AF594027243A79E2001C539C /* PBXTargetDependency */ = {
			isa = PBXTargetDependency;
			target = AF59400E243A79E1001C539C /* 642project */;
			targetProxy = AF594026243A79E2001C539C /* PBXContainerItemProxy */;
		};
/* End PBXTargetDependency section */

/* Begin PBXVariantGroup section */
		AF594018243A79E1001C539C /* Main.storyboard */ = {
			isa = PBXVariantGroup;
			children = (
				AF594019243A79E1001C539C /* Base */,
			);
			name = Main.storyboard;
			sourceTree = "<group>";
		};
/* End PBXVariantGroup section */

/* Begin XCBuildConfiguration section */
		AF59402C243A79E2001C539C /* Debug */ = {
			isa = XCBuildConfiguration;
			buildSettings = {
				ALWAYS_SEARCH_USER_PATHS = NO;
				CLANG_ANALYZER_NONNULL = YES;
				CLANG_ANALYZER_NUMBER_OBJECT_CONVERSION = YES_AGGRESSIVE;
				CLANG_CXX_LANGUAGE_STANDARD = "gnu++14";
				CLANG_CXX_LIBRARY = "libc++";
				CLANG_ENABLE_MODULES = YES;
				CLANG_ENABLE_OBJC_ARC = YES;
				CLANG_ENABLE_OBJC_WEAK = YES;
				CLANG_WARN_BLOCK_CAPTURE_AUTORELEASING = YES;
				CLANG_WARN_BOOL_CONVERSION = YES;
				CLANG_WARN_COMMA = YES;
				CLANG_WARN_CONSTANT_CONVERSION = YES;
				CLANG_WARN_DEPRECATED_OBJC_IMPLEMENTATIONS = YES;
				CLANG_WARN_DIRECT_OBJC_ISA_USAGE = YES_ERROR;
				CLANG_WARN_DOCUMENTATION_COMMENTS = YES;
				CLANG_WARN_EMPTY_BODY = YES;
				CLANG_WARN_ENUM_CONVERSION = YES;
				CLANG_WARN_INFINITE_RECURSION = YES;
				CLANG_WARN_INT_CONVERSION = YES;
				CLANG_WARN_NON_LITERAL_NULL_CONVERSION = YES;
				CLANG_WARN_OBJC_IMPLICIT_RETAIN_SELF = YES;
				CLANG_WARN_OBJC_LITERAL_CONVERSION = YES;
				CLANG_WARN_OBJC_ROOT_CLASS = YES_ERROR;
				CLANG_WARN_RANGE_LOOP_ANALYSIS = YES;
				CLANG_WARN_STRICT_PROTOTYPES = YES;
				CLANG_WARN_SUSPICIOUS_MOVE = YES;
				CLANG_WARN_UNGUARDED_AVAILABILITY = YES_AGGRESSIVE;
				CLANG_WARN_UNREACHABLE_CODE = YES;
				CLANG_WARN__DUPLICATE_METHOD_MATCH = YES;
				COPY_PHASE_STRIP = NO;
				DEBUG_INFORMATION_FORMAT = dwarf;
				ENABLE_STRICT_OBJC_MSGSEND = YES;
				ENABLE_TESTABILITY = YES;
				GCC_C_LANGUAGE_STANDARD = gnu11;
				GCC_DYNAMIC_NO_PIC = NO;
				GCC_NO_COMMON_BLOCKS = YES;
				GCC_OPTIMIZATION_LEVEL = 0;
				GCC_PREPROCESSOR_DEFINITIONS = (
					"DEBUG=1",
					"$(inherited)",
				);
				GCC_WARN_64_TO_32_BIT_CONVERSION = YES;
				GCC_WARN_ABOUT_RETURN_TYPE = YES_ERROR;
				GCC_WARN_UNDECLARED_SELECTOR = YES;
				GCC_WARN_UNINITIALIZED_AUTOS = YES_AGGRESSIVE;
				GCC_WARN_UNUSED_FUNCTION = YES;
				GCC_WARN_UNUSED_VARIABLE = YES;
				IPHONEOS_DEPLOYMENT_TARGET = 13.2;
				MTL_ENABLE_DEBUG_INFO = INCLUDE_SOURCE;
				MTL_FAST_MATH = YES;
				ONLY_ACTIVE_ARCH = YES;
				SDKROOT = iphoneos;
				SWIFT_ACTIVE_COMPILATION_CONDITIONS = DEBUG;
				SWIFT_OPTIMIZATION_LEVEL = "-Onone";
			};
			name = Debug;
		};
		AF59402D243A79E2001C539C /* Release */ = {
			isa = XCBuildConfiguration;
			buildSettings = {
				ALWAYS_SEARCH_USER_PATHS = NO;
				CLANG_ANALYZER_NONNULL = YES;
				CLANG_ANALYZER_NUMBER_OBJECT_CONVERSION = YES_AGGRESSIVE;
				CLANG_CXX_LANGUAGE_STANDARD = "gnu++14";
				CLANG_CXX_LIBRARY = "libc++";
				CLANG_ENABLE_MODULES = YES;
				CLANG_ENABLE_OBJC_ARC = YES;
				CLANG_ENABLE_OBJC_WEAK = YES;
				CLANG_WARN_BLOCK_CAPTURE_AUTORELEASING = YES;
				CLANG_WARN_BOOL_CONVERSION = YES;
				CLANG_WARN_COMMA = YES;
				CLANG_WARN_CONSTANT_CONVERSION = YES;
				CLANG_WARN_DEPRECATED_OBJC_IMPLEMENTATIONS = YES;
				CLANG_WARN_DIRECT_OBJC_ISA_USAGE = YES_ERROR;
				CLANG_WARN_DOCUMENTATION_COMMENTS = YES;
				CLANG_WARN_EMPTY_BODY = YES;
				CLANG_WARN_ENUM_CONVERSION = YES;
				CLANG_WARN_INFINITE_RECURSION = YES;
				CLANG_WARN_INT_CONVERSION = YES;
				CLANG_WARN_NON_LITERAL_NULL_CONVERSION = YES;
				CLANG_WARN_OBJC_IMPLICIT_RETAIN_SELF = YES;
				CLANG_WARN_OBJC_LITERAL_CONVERSION = YES;
				CLANG_WARN_OBJC_ROOT_CLASS = YES_ERROR;
				CLANG_WARN_RANGE_LOOP_ANALYSIS = YES;
				CLANG_WARN_STRICT_PROTOTYPES = YES;
				CLANG_WARN_SUSPICIOUS_MOVE = YES;
				CLANG_WARN_UNGUARDED_AVAILABILITY = YES_AGGRESSIVE;
				CLANG_WARN_UNREACHABLE_CODE = YES;
				CLANG_WARN__DUPLICATE_METHOD_MATCH = YES;
				COPY_PHASE_STRIP = NO;
				DEBUG_INFORMATION_FORMAT = "dwarf-with-dsym";
				ENABLE_NS_ASSERTIONS = NO;
				ENABLE_STRICT_OBJC_MSGSEND = YES;
				GCC_C_LANGUAGE_STANDARD = gnu11;
				GCC_NO_COMMON_BLOCKS = YES;
				GCC_WARN_64_TO_32_BIT_CONVERSION = YES;
				GCC_WARN_ABOUT_RETURN_TYPE = YES_ERROR;
				GCC_WARN_UNDECLARED_SELECTOR = YES;
				GCC_WARN_UNINITIALIZED_AUTOS = YES_AGGRESSIVE;
				GCC_WARN_UNUSED_FUNCTION = YES;
				GCC_WARN_UNUSED_VARIABLE = YES;
				IPHONEOS_DEPLOYMENT_TARGET = 13.2;
				MTL_ENABLE_DEBUG_INFO = NO;
				MTL_FAST_MATH = YES;
				SDKROOT = iphoneos;
				SWIFT_COMPILATION_MODE = wholemodule;
				SWIFT_OPTIMIZATION_LEVEL = "-O";
				VALIDATE_PRODUCT = YES;
			};
			name = Release;
		};
		AF59402F243A79E2001C539C /* Debug */ = {
			isa = XCBuildConfiguration;
			buildSettings = {
				ASSETCATALOG_COMPILER_APPICON_NAME = AppIcon;
				CODE_SIGN_STYLE = Automatic;
				INFOPLIST_FILE = 642project/Info.plist;
				LD_RUNPATH_SEARCH_PATHS = (
					"$(inherited)",
					"@executable_path/Frameworks",
				);
				PRODUCT_BUNDLE_IDENTIFIER = "com.Malkam.-42project";
				PRODUCT_NAME = "$(TARGET_NAME)";
				SWIFT_VERSION = 5.0;
				TARGETED_DEVICE_FAMILY = "1,2";
			};
			name = Debug;
		};
		AF594030243A79E2001C539C /* Release */ = {
			isa = XCBuildConfiguration;
			buildSettings = {
				ASSETCATALOG_COMPILER_APPICON_NAME = AppIcon;
				CODE_SIGN_STYLE = Automatic;
				INFOPLIST_FILE = 642project/Info.plist;
				LD_RUNPATH_SEARCH_PATHS = (
					"$(inherited)",
					"@executable_path/Frameworks",
				);
				PRODUCT_BUNDLE_IDENTIFIER = "com.Malkam.-42project";
				PRODUCT_NAME = "$(TARGET_NAME)";
				SWIFT_VERSION = 5.0;
				TARGETED_DEVICE_FAMILY = "1,2";
			};
			name = Release;
		};
		AF594032243A79E2001C539C /* Debug */ = {
			isa = XCBuildConfiguration;
			buildSettings = {
				ALWAYS_EMBED_SWIFT_STANDARD_LIBRARIES = YES;
				BUNDLE_LOADER = "$(TEST_HOST)";
				CODE_SIGN_STYLE = Automatic;
				INFOPLIST_FILE = 642projectTests/Info.plist;
				IPHONEOS_DEPLOYMENT_TARGET = 13.2;
				LD_RUNPATH_SEARCH_PATHS = (
					"$(inherited)",
					"@executable_path/Frameworks",
					"@loader_path/Frameworks",
				);
				PRODUCT_BUNDLE_IDENTIFIER = "com.Malkam.-42projectTests";
				PRODUCT_NAME = "$(TARGET_NAME)";
				SWIFT_VERSION = 5.0;
				TARGETED_DEVICE_FAMILY = "1,2";
				TEST_HOST = "$(BUILT_PRODUCTS_DIR)/642project.app/642project";
			};
			name = Debug;
		};
		AF594033243A79E2001C539C /* Release */ = {
			isa = XCBuildConfiguration;
			buildSettings = {
				ALWAYS_EMBED_SWIFT_STANDARD_LIBRARIES = YES;
				BUNDLE_LOADER = "$(TEST_HOST)";
				CODE_SIGN_STYLE = Automatic;
				INFOPLIST_FILE = 642projectTests/Info.plist;
				IPHONEOS_DEPLOYMENT_TARGET = 13.2;
				LD_RUNPATH_SEARCH_PATHS = (
					"$(inherited)",
					"@executable_path/Frameworks",
					"@loader_path/Frameworks",
				);
				PRODUCT_BUNDLE_IDENTIFIER = "com.Malkam.-42projectTests";
				PRODUCT_NAME = "$(TARGET_NAME)";
				SWIFT_VERSION = 5.0;
				TARGETED_DEVICE_FAMILY = "1,2";
				TEST_HOST = "$(BUILT_PRODUCTS_DIR)/642project.app/642project";
			};
			name = Release;
		};
/* End XCBuildConfiguration section */

/* Begin XCConfigurationList section */
		AF59400A243A79E1001C539C /* Build configuration list for PBXProject "642project" */ = {
			isa = XCConfigurationList;
			buildConfigurations = (
				AF59402C243A79E2001C539C /* Debug */,
				AF59402D243A79E2001C539C /* Release */,
			);
			defaultConfigurationIsVisible = 0;
			defaultConfigurationName = Release;
		};
		AF59402E243A79E2001C539C /* Build configuration list for PBXNativeTarget "642project" */ = {
			isa = XCConfigurationList;
			buildConfigurations = (
				AF59402F243A79E2001C539C /* Debug */,
				AF594030243A79E2001C539C /* Release */,
			);
			defaultConfigurationIsVisible = 0;
			defaultConfigurationName = Release;
		};
		AF594031243A79E2001C539C /* Build configuration list for PBXNativeTarget "642projectTests" */ = {
			isa = XCConfigurationList;
			buildConfigurations = (
				AF594032243A79E2001C539C /* Debug */,
				AF594033243A79E2001C539C /* Release */,
			);
			defaultConfigurationIsVisible = 0;
			defaultConfigurationName = Release;
		};
/* End XCConfigurationList section */
	};
	rootObject = AF594007243A79E1001C539C /* Project object */;
}
